
Microsoft Visual Studio Solution File, Format Version 12.00
# Visual Studio Version 17
VisualStudioVersion = 17.10.35013.160
MinimumVisualStudioVersion = 10.0.40219.1
Project("{FAE04EC0-301F-11D3-BF4B-00C04F79EFBC}") = "AVIMAR-LABS-FT01", "AVIMAR-LABS-FT01\AVIMAR-LABS-FT01.csproj", "{1F25FBBD-EB2D-41C4-9008-90041E2B6B4B}"
EndProject
Global
	GlobalSection(SolutionConfigurationPlatforms) = preSolution
		Debug|Any CPU = Debug|Any CPU
		Release|Any CPU = Release|Any CPU
	EndGlobalSection
	GlobalSection(ProjectConfigurationPlatforms) = postSolution
		{1F25FBBD-EB2D-41C4-9008-90041E2B6B4B}.Debug|Any CPU.ActiveCfg = Debug|Any CPU
		{1F25FBBD-EB2D-41C4-9008-90041E2B6B4B}.Debug|Any CPU.Build.0 = Debug|Any CPU
		{1F25FBBD-EB2D-41C4-9008-90041E2B6B4B}.Release|Any CPU.ActiveCfg = Release|Any CPU
		{1F25FBBD-EB2D-41C4-9008-90041E2B6B4B}.Release|Any CPU.Build.0 = Release|Any CPU
	EndGlobalSection
	GlobalSection(SolutionProperties) = preSolution
		HideSolutionNode = FALSE
	EndGlobalSection
	GlobalSection(ExtensibilityGlobals) = postSolution
		SolutionGuid = {E86D44C3-9AC0-4638-B373-AD38F9BD6DC0}
	EndGlobalSection
EndGlobal
